
Microsoft Visual Studio Solution File, Format Version 12.00
# Visual Studio 15
VisualStudioVersion = 15.0.27004.2002
MinimumVisualStudioVersion = 10.0.40219.1
Project("{888888A0-9F3D-457C-B088-3A5042F75D52}") = "MSBDGroupProject", "MSBDGroupProject\MSBDGroupProject.pyproj", "{06EA6DB5-2996-498F-8FE9-07DEE413E74E}"
EndProject
Global
	GlobalSection(SolutionConfigurationPlatforms) = preSolution
		Debug|Any CPU = Debug|Any CPU
		Release|Any CPU = Release|Any CPU
	EndGlobalSection
	GlobalSection(ProjectConfigurationPlatforms) = postSolution
		{06EA6DB5-2996-498F-8FE9-07DEE413E74E}.Debug|Any CPU.ActiveCfg = Debug|Any CPU
		{06EA6DB5-2996-498F-8FE9-07DEE413E74E}.Release|Any CPU.ActiveCfg = Release|Any CPU
	EndGlobalSection
	GlobalSection(SolutionProperties) = preSolution
		HideSolutionNode = FALSE
	EndGlobalSection
	GlobalSection(ExtensibilityGlobals) = postSolution
		SolutionGuid = {ABFD16E3-61E2-4198-874B-96BED1A9A646}
	EndGlobalSection
EndGlobal
